// !$*UTF8*$!
{
	archiveVersion = 1;
	classes = {
	};
	objectVersion = 46;
	objects = {

/* Begin PBXBuildFile section */
		0B32AA2C133DC8F7B50CEFE2 /* Pods_JanoTest.framework in Frameworks */ = {isa = PBXBuildFile; fileRef = BA4E27D9D5FF9ED8C67A0A2C /* Pods_JanoTest.framework */; };
		1E6E7D241F3087980016C975 /* AppDelegate.swift in Sources */ = {isa = PBXBuildFile; fileRef = 1E6E7D231F3087980016C975 /* AppDelegate.swift */; };
		1E6E7D261F3087980016C975 /* ViewController.swift in Sources */ = {isa = PBXBuildFile; fileRef = 1E6E7D251F3087980016C975 /* ViewController.swift */; };
		1E6E7D291F3087980016C975 /* Main.storyboard in Resources */ = {isa = PBXBuildFile; fileRef = 1E6E7D271F3087980016C975 /* Main.storyboard */; };
		1E6E7D2B1F3087980016C975 /* Assets.xcassets in Resources */ = {isa = PBXBuildFile; fileRef = 1E6E7D2A1F3087980016C975 /* Assets.xcassets */; };
		1E6E7D2E1F3087980016C975 /* LaunchScreen.storyboard in Resources */ = {isa = PBXBuildFile; fileRef = 1E6E7D2C1F3087980016C975 /* LaunchScreen.storyboard */; };
		1E6E7D391F3087980016C975 /* JanoTestTests.swift in Sources */ = {isa = PBXBuildFile; fileRef = 1E6E7D381F3087980016C975 /* JanoTestTests.swift */; };
		1E6E7D441F3087980016C975 /* JanoTestUITests.swift in Sources */ = {isa = PBXBuildFile; fileRef = 1E6E7D431F3087980016C975 /* JanoTestUITests.swift */; };
		C7A21EA845DF6F60BEE35579 /* Pods_JanoTestUITests.framework in Frameworks */ = {isa = PBXBuildFile; fileRef = B8C6FB1945FF0F5C7B61A420 /* Pods_JanoTestUITests.framework */; };
		C93707ECF2D82FCF20E01EAE /* Pods_JanoTestTests.framework in Frameworks */ = {isa = PBXBuildFile; fileRef = 33864C4406F0F3611538A471 /* Pods_JanoTestTests.framework */; };
/* End PBXBuildFile section */

/* Begin PBXContainerItemProxy section */
		1E6E7D351F3087980016C975 /* PBXContainerItemProxy */ = {
			isa = PBXContainerItemProxy;
			containerPortal = 1E6E7D181F3087980016C975 /* Project object */;
			proxyType = 1;
			remoteGlobalIDString = 1E6E7D1F1F3087980016C975;
			remoteInfo = JanoTest;
		};
		1E6E7D401F3087980016C975 /* PBXContainerItemProxy */ = {
			isa = PBXContainerItemProxy;
			containerPortal = 1E6E7D181F3087980016C975 /* Project object */;
			proxyType = 1;
			remoteGlobalIDString = 1E6E7D1F1F3087980016C975;
			remoteInfo = JanoTest;
		};
/* End PBXContainerItemProxy section */

/* Begin PBXFileReference section */
		1BD94B7D936D6EE1645145EB /* Pods-JanoTestTests.debug.xcconfig */ = {isa = PBXFileReference; includeInIndex = 1; lastKnownFileType = text.xcconfig; name = "Pods-JanoTestTests.debug.xcconfig"; path = "Pods/Target Support Files/Pods-JanoTestTests/Pods-JanoTestTests.debug.xcconfig"; sourceTree = "<group>"; };
		1E6E7D201F3087980016C975 /* JanoTest.app */ = {isa = PBXFileReference; explicitFileType = wrapper.application; includeInIndex = 0; path = JanoTest.app; sourceTree = BUILT_PRODUCTS_DIR; };
		1E6E7D231F3087980016C975 /* AppDelegate.swift */ = {isa = PBXFileReference; lastKnownFileType = sourcecode.swift; path = AppDelegate.swift; sourceTree = "<group>"; };
		1E6E7D251F3087980016C975 /* ViewController.swift */ = {isa = PBXFileReference; lastKnownFileType = sourcecode.swift; path = ViewController.swift; sourceTree = "<group>"; };
		1E6E7D281F3087980016C975 /* Base */ = {isa = PBXFileReference; lastKnownFileType = file.storyboard; name = Base; path = Base.lproj/Main.storyboard; sourceTree = "<group>"; };
		1E6E7D2A1F3087980016C975 /* Assets.xcassets */ = {isa = PBXFileReference; lastKnownFileType = folder.assetcatalog; path = Assets.xcassets; sourceTree = "<group>"; };
		1E6E7D2D1F3087980016C975 /* Base */ = {isa = PBXFileReference; lastKnownFileType = file.storyboard; name = Base; path = Base.lproj/LaunchScreen.storyboard; sourceTree = "<group>"; };
		1E6E7D2F1F3087980016C975 /* Info.plist */ = {isa = PBXFileReference; lastKnownFileType = text.plist.xml; path = Info.plist; sourceTree = "<group>"; };
		1E6E7D341F3087980016C975 /* JanoTestTests.xctest */ = {isa = PBXFileReference; explicitFileType = wrapper.cfbundle; includeInIndex = 0; path = JanoTestTests.xctest; sourceTree = BUILT_PRODUCTS_DIR; };
		1E6E7D381F3087980016C975 /* JanoTestTests.swift */ = {isa = PBXFileReference; lastKnownFileType = sourcecode.swift; path = JanoTestTests.swift; sourceTree = "<group>"; };
		1E6E7D3A1F3087980016C975 /* Info.plist */ = {isa = PBXFileReference; lastKnownFileType = text.plist.xml; path = Info.plist; sourceTree = "<group>"; };
		1E6E7D3F1F3087980016C975 /* JanoTestUITests.xctest */ = {isa = PBXFileReference; explicitFileType = wrapper.cfbundle; includeInIndex = 0; path = JanoTestUITests.xctest; sourceTree = BUILT_PRODUCTS_DIR; };
		1E6E7D431F3087980016C975 /* JanoTestUITests.swift */ = {isa = PBXFileReference; lastKnownFileType = sourcecode.swift; path = JanoTestUITests.swift; sourceTree = "<group>"; };
		1E6E7D451F3087990016C975 /* Info.plist */ = {isa = PBXFileReference; lastKnownFileType = text.plist.xml; path = Info.plist; sourceTree = "<group>"; };
		33864C4406F0F3611538A471 /* Pods_JanoTestTests.framework */ = {isa = PBXFileReference; explicitFileType = wrapper.framework; includeInIndex = 0; path = Pods_JanoTestTests.framework; sourceTree = BUILT_PRODUCTS_DIR; };
		5EB52DF2E4CD284B036A2137 /* Pods-JanoTestUITests.release.xcconfig */ = {isa = PBXFileReference; includeInIndex = 1; lastKnownFileType = text.xcconfig; name = "Pods-JanoTestUITests.release.xcconfig"; path = "Pods/Target Support Files/Pods-JanoTestUITests/Pods-JanoTestUITests.release.xcconfig"; sourceTree = "<group>"; };
		6557AC0B4E79D530578F7750 /* Pods-JanoTest.release.xcconfig */ = {isa = PBXFileReference; includeInIndex = 1; lastKnownFileType = text.xcconfig; name = "Pods-JanoTest.release.xcconfig"; path = "Pods/Target Support Files/Pods-JanoTest/Pods-JanoTest.release.xcconfig"; sourceTree = "<group>"; };
		7EEC6129864DD2A00E24376F /* Pods-JanoTest.debug.xcconfig */ = {isa = PBXFileReference; includeInIndex = 1; lastKnownFileType = text.xcconfig; name = "Pods-JanoTest.debug.xcconfig"; path = "Pods/Target Support Files/Pods-JanoTest/Pods-JanoTest.debug.xcconfig"; sourceTree = "<group>"; };
		B776E380C231978FC3250BA8 /* Pods-JanoTestUITests.debug.xcconfig */ = {isa = PBXFileReference; includeInIndex = 1; lastKnownFileType = text.xcconfig; name = "Pods-JanoTestUITests.debug.xcconfig"; path = "Pods/Target Support Files/Pods-JanoTestUITests/Pods-JanoTestUITests.debug.xcconfig"; sourceTree = "<group>"; };
		B8C6FB1945FF0F5C7B61A420 /* Pods_JanoTestUITests.framework */ = {isa = PBXFileReference; explicitFileType = wrapper.framework; includeInIndex = 0; path = Pods_JanoTestUITests.framework; sourceTree = BUILT_PRODUCTS_DIR; };
		BA4E27D9D5FF9ED8C67A0A2C /* Pods_JanoTest.framework */ = {isa = PBXFileReference; explicitFileType = wrapper.framework; includeInIndex = 0; path = Pods_JanoTest.framework; sourceTree = BUILT_PRODUCTS_DIR; };
		C7A431C1881C7DDDF124DC77 /* Pods-JanoTestTests.release.xcconfig */ = {isa = PBXFileReference; includeInIndex = 1; lastKnownFileType = text.xcconfig; name = "Pods-JanoTestTests.release.xcconfig"; path = "Pods/Target Support Files/Pods-JanoTestTests/Pods-JanoTestTests.release.xcconfig"; sourceTree = "<group>"; };
/* End PBXFileReference section */

/* Begin PBXFrameworksBuildPhase section */
		1E6E7D1D1F3087980016C975 /* Frameworks */ = {
			isa = PBXFrameworksBuildPhase;
			buildActionMask = 2147483647;
			files = (
				0B32AA2C133DC8F7B50CEFE2 /* Pods_JanoTest.framework in Frameworks */,
			);
			runOnlyForDeploymentPostprocessing = 0;
		};
		1E6E7D311F3087980016C975 /* Frameworks */ = {
			isa = PBXFrameworksBuildPhase;
			buildActionMask = 2147483647;
			files = (
				C93707ECF2D82FCF20E01EAE /* Pods_JanoTestTests.framework in Frameworks */,
			);
			runOnlyForDeploymentPostprocessing = 0;
		};
		1E6E7D3C1F3087980016C975 /* Frameworks */ = {
			isa = PBXFrameworksBuildPhase;
			buildActionMask = 2147483647;
			files = (
				C7A21EA845DF6F60BEE35579 /* Pods_JanoTestUITests.framework in Frameworks */,
			);
			runOnlyForDeploymentPostprocessing = 0;
		};
/* End PBXFrameworksBuildPhase section */

/* Begin PBXGroup section */
		1E6E7D171F3087980016C975 = {
			isa = PBXGroup;
			children = (
				1E6E7D221F3087980016C975 /* JanoTest */,
				1E6E7D371F3087980016C975 /* JanoTestTests */,
				1E6E7D421F3087980016C975 /* JanoTestUITests */,
				1E6E7D211F3087980016C975 /* Products */,
				B4A0BBB9A1D903C8E0E10EC6 /* Pods */,
				A5DD0498D45FCDB4E1B9EF34 /* Frameworks */,
			);
			sourceTree = "<group>";
		};
		1E6E7D211F3087980016C975 /* Products */ = {
			isa = PBXGroup;
			children = (
				1E6E7D201F3087980016C975 /* JanoTest.app */,
				1E6E7D341F3087980016C975 /* JanoTestTests.xctest */,
				1E6E7D3F1F3087980016C975 /* JanoTestUITests.xctest */,
			);
			name = Products;
			sourceTree = "<group>";
		};
		1E6E7D221F3087980016C975 /* JanoTest */ = {
			isa = PBXGroup;
			children = (
				1E6E7D231F3087980016C975 /* AppDelegate.swift */,
				1E6E7D251F3087980016C975 /* ViewController.swift */,
				1E6E7D271F3087980016C975 /* Main.storyboard */,
				1E6E7D2A1F3087980016C975 /* Assets.xcassets */,
				1E6E7D2C1F3087980016C975 /* LaunchScreen.storyboard */,
				1E6E7D2F1F3087980016C975 /* Info.plist */,
			);
			path = JanoTest;
			sourceTree = "<group>";
		};
		1E6E7D371F3087980016C975 /* JanoTestTests */ = {
			isa = PBXGroup;
			children = (
				1E6E7D381F3087980016C975 /* JanoTestTests.swift */,
				1E6E7D3A1F3087980016C975 /* Info.plist */,
			);
			path = JanoTestTests;
			sourceTree = "<group>";
		};
		1E6E7D421F3087980016C975 /* JanoTestUITests */ = {
			isa = PBXGroup;
			children = (
				1E6E7D431F3087980016C975 /* JanoTestUITests.swift */,
				1E6E7D451F3087990016C975 /* Info.plist */,
			);
			path = JanoTestUITests;
			sourceTree = "<group>";
		};
		A5DD0498D45FCDB4E1B9EF34 /* Frameworks */ = {
			isa = PBXGroup;
			children = (
				BA4E27D9D5FF9ED8C67A0A2C /* Pods_JanoTest.framework */,
				33864C4406F0F3611538A471 /* Pods_JanoTestTests.framework */,
				B8C6FB1945FF0F5C7B61A420 /* Pods_JanoTestUITests.framework */,
			);
			name = Frameworks;
			sourceTree = "<group>";
		};
		B4A0BBB9A1D903C8E0E10EC6 /* Pods */ = {
			isa = PBXGroup;
			children = (
				7EEC6129864DD2A00E24376F /* Pods-JanoTest.debug.xcconfig */,
				6557AC0B4E79D530578F7750 /* Pods-JanoTest.release.xcconfig */,
				1BD94B7D936D6EE1645145EB /* Pods-JanoTestTests.debug.xcconfig */,
				C7A431C1881C7DDDF124DC77 /* Pods-JanoTestTests.release.xcconfig */,
				B776E380C231978FC3250BA8 /* Pods-JanoTestUITests.debug.xcconfig */,
				5EB52DF2E4CD284B036A2137 /* Pods-JanoTestUITests.release.xcconfig */,
			);
			name = Pods;
			sourceTree = "<group>";
		};
/* End PBXGroup section */

/* Begin PBXNativeTarget section */
		1E6E7D1F1F3087980016C975 /* JanoTest */ = {
			isa = PBXNativeTarget;
			buildConfigurationList = 1E6E7D481F3087990016C975 /* Build configuration list for PBXNativeTarget "JanoTest" */;
			buildPhases = (
				363325A25F16B51CFAF83917 /* [CP] Check Pods Manifest.lock */,
				1E6E7D1C1F3087980016C975 /* Sources */,
				1E6E7D1D1F3087980016C975 /* Frameworks */,
				1E6E7D1E1F3087980016C975 /* Resources */,
				912827D29BD3CE1FCE1651DB /* [CP] Embed Pods Frameworks */,
				930C809AF9795F47E8213AC0 /* [CP] Copy Pods Resources */,
			);
			buildRules = (
			);
			dependencies = (
			);
			name = JanoTest;
			productName = JanoTest;
			productReference = 1E6E7D201F3087980016C975 /* JanoTest.app */;
			productType = "com.apple.product-type.application";
		};
		1E6E7D331F3087980016C975 /* JanoTestTests */ = {
			isa = PBXNativeTarget;
			buildConfigurationList = 1E6E7D4B1F3087990016C975 /* Build configuration list for PBXNativeTarget "JanoTestTests" */;
			buildPhases = (
				1762544DCC90134B44717B3A /* [CP] Check Pods Manifest.lock */,
				1E6E7D301F3087980016C975 /* Sources */,
				1E6E7D311F3087980016C975 /* Frameworks */,
				1E6E7D321F3087980016C975 /* Resources */,
				AA585F9DBAFDCC2019D286C9 /* [CP] Embed Pods Frameworks */,
				48F72C9170894BB682DC0160 /* [CP] Copy Pods Resources */,
			);
			buildRules = (
			);
			dependencies = (
				1E6E7D361F3087980016C975 /* PBXTargetDependency */,
			);
			name = JanoTestTests;
			productName = JanoTestTests;
			productReference = 1E6E7D341F3087980016C975 /* JanoTestTests.xctest */;
			productType = "com.apple.product-type.bundle.unit-test";
		};
		1E6E7D3E1F3087980016C975 /* JanoTestUITests */ = {
			isa = PBXNativeTarget;
			buildConfigurationList = 1E6E7D4E1F3087990016C975 /* Build configuration list for PBXNativeTarget "JanoTestUITests" */;
			buildPhases = (
				91D239CFD0AA49A629DF0AF9 /* [CP] Check Pods Manifest.lock */,
				1E6E7D3B1F3087980016C975 /* Sources */,
				1E6E7D3C1F3087980016C975 /* Frameworks */,
				1E6E7D3D1F3087980016C975 /* Resources */,
				5B62490E98A17F7F5B15B398 /* [CP] Embed Pods Frameworks */,
				1833E5161AE9C3D84571A864 /* [CP] Copy Pods Resources */,
			);
			buildRules = (
			);
			dependencies = (
				1E6E7D411F3087980016C975 /* PBXTargetDependency */,
			);
			name = JanoTestUITests;
			productName = JanoTestUITests;
			productReference = 1E6E7D3F1F3087980016C975 /* JanoTestUITests.xctest */;
			productType = "com.apple.product-type.bundle.ui-testing";
		};
/* End PBXNativeTarget section */

/* Begin PBXProject section */
		1E6E7D181F3087980016C975 /* Project object */ = {
			isa = PBXProject;
			attributes = {
				LastSwiftUpdateCheck = 0830;
				LastUpgradeCheck = 0830;
				ORGANIZATIONNAME = "Jano Amigo";
				TargetAttributes = {
					1E6E7D1F1F3087980016C975 = {
						CreatedOnToolsVersion = 8.3.3;
						ProvisioningStyle = Automatic;
					};
					1E6E7D331F3087980016C975 = {
						CreatedOnToolsVersion = 8.3.3;
						ProvisioningStyle = Automatic;
						TestTargetID = 1E6E7D1F1F3087980016C975;
					};
					1E6E7D3E1F3087980016C975 = {
						CreatedOnToolsVersion = 8.3.3;
						ProvisioningStyle = Automatic;
						TestTargetID = 1E6E7D1F1F3087980016C975;
					};
				};
			};
			buildConfigurationList = 1E6E7D1B1F3087980016C975 /* Build configuration list for PBXProject "JanoTest" */;
			compatibilityVersion = "Xcode 3.2";
			developmentRegion = English;
			hasScannedForEncodings = 0;
			knownRegions = (
				en,
				Base,
			);
			mainGroup = 1E6E7D171F3087980016C975;
			productRefGroup = 1E6E7D211F3087980016C975 /* Products */;
			projectDirPath = "";
			projectRoot = "";
			targets = (
				1E6E7D1F1F3087980016C975 /* JanoTest */,
				1E6E7D331F3087980016C975 /* JanoTestTests */,
				1E6E7D3E1F3087980016C975 /* JanoTestUITests */,
			);
		};
/* End PBXProject section */

/* Begin PBXResourcesBuildPhase section */
		1E6E7D1E1F3087980016C975 /* Resources */ = {
			isa = PBXResourcesBuildPhase;
			buildActionMask = 2147483647;
			files = (
				1E6E7D2E1F3087980016C975 /* LaunchScreen.storyboard in Resources */,
				1E6E7D2B1F3087980016C975 /* Assets.xcassets in Resources */,
				1E6E7D291F3087980016C975 /* Main.storyboard in Resources */,
			);
			runOnlyForDeploymentPostprocessing = 0;
		};
		1E6E7D321F3087980016C975 /* Resources */ = {
			isa = PBXResourcesBuildPhase;
			buildActionMask = 2147483647;
			files = (
			);
			runOnlyForDeploymentPostprocessing = 0;
		};
		1E6E7D3D1F3087980016C975 /* Resources */ = {
			isa = PBXResourcesBuildPhase;
			buildActionMask = 2147483647;
			files = (
			);
			runOnlyForDeploymentPostprocessing = 0;
		};
/* End PBXResourcesBuildPhase section */

/* Begin PBXShellScriptBuildPhase section */
		1762544DCC90134B44717B3A /* [CP] Check Pods Manifest.lock */ = {
			isa = PBXShellScriptBuildPhase;
			buildActionMask = 2147483647;
			files = (
			);
			inputPaths = (
			);
			name = "[CP] Check Pods Manifest.lock";
			outputPaths = (
			);
			runOnlyForDeploymentPostprocessing = 0;
			shellPath = /bin/sh;
			shellScript = "diff \"${PODS_ROOT}/../Podfile.lock\" \"${PODS_ROOT}/Manifest.lock\" > /dev/null\nif [ $? != 0 ] ; then\n    # print error to STDERR\n    echo \"error: The sandbox is not in sync with the Podfile.lock. Run 'pod install' or update your CocoaPods installation.\" >&2\n    exit 1\nfi\n";
			showEnvVarsInLog = 0;
		};
		1833E5161AE9C3D84571A864 /* [CP] Copy Pods Resources */ = {
			isa = PBXShellScriptBuildPhase;
			buildActionMask = 2147483647;
			files = (
			);
			inputPaths = (
			);
			name = "[CP] Copy Pods Resources";
			outputPaths = (
			);
			runOnlyForDeploymentPostprocessing = 0;
			shellPath = /bin/sh;
			shellScript = "\"${SRCROOT}/Pods/Target Support Files/Pods-JanoTestUITests/Pods-JanoTestUITests-resources.sh\"\n";
			showEnvVarsInLog = 0;
		};
		363325A25F16B51CFAF83917 /* [CP] Check Pods Manifest.lock */ = {
			isa = PBXShellScriptBuildPhase;
			buildActionMask = 2147483647;
			files = (
			);
			inputPaths = (
			);
			name = "[CP] Check Pods Manifest.lock";
			outputPaths = (
			);
			runOnlyForDeploymentPostprocessing = 0;
			shellPath = /bin/sh;
			shellScript = "diff \"${PODS_ROOT}/../Podfile.lock\" \"${PODS_ROOT}/Manifest.lock\" > /dev/null\nif [ $? != 0 ] ; then\n    # print error to STDERR\n    echo \"error: The sandbox is not in sync with the Podfile.lock. Run 'pod install' or update your CocoaPods installation.\" >&2\n    exit 1\nfi\n";
			showEnvVarsInLog = 0;
		};
		48F72C9170894BB682DC0160 /* [CP] Copy Pods Resources */ = {
			isa = PBXShellScriptBuildPhase;
			buildActionMask = 2147483647;
			files = (
			);
			inputPaths = (
			);
			name = "[CP] Copy Pods Resources";
			outputPaths = (
			);
			runOnlyForDeploymentPostprocessing = 0;
			shellPath = /bin/sh;
			shellScript = "\"${SRCROOT}/Pods/Target Support Files/Pods-JanoTestTests/Pods-JanoTestTests-resources.sh\"\n";
			showEnvVarsInLog = 0;
		};
		5B62490E98A17F7F5B15B398 /* [CP] Embed Pods Frameworks */ = {
			isa = PBXShellScriptBuildPhase;
			buildActionMask = 2147483647;
			files = (
			);
			inputPaths = (
			);
			name = "[CP] Embed Pods Frameworks";
			outputPaths = (
			);
			runOnlyForDeploymentPostprocessing = 0;
			shellPath = /bin/sh;
			shellScript = "\"${SRCROOT}/Pods/Target Support Files/Pods-JanoTestUITests/Pods-JanoTestUITests-frameworks.sh\"\n";
			showEnvVarsInLog = 0;
		};
		912827D29BD3CE1FCE1651DB /* [CP] Embed Pods Frameworks */ = {
			isa = PBXShellScriptBuildPhase;
			buildActionMask = 2147483647;
			files = (
			);
			inputPaths = (
			);
			name = "[CP] Embed Pods Frameworks";
			outputPaths = (
			);
			runOnlyForDeploymentPostprocessing = 0;
			shellPath = /bin/sh;
			shellScript = "\"${SRCROOT}/Pods/Target Support Files/Pods-JanoTest/Pods-JanoTest-frameworks.sh\"\n";
			showEnvVarsInLog = 0;
		};
		91D239CFD0AA49A629DF0AF9 /* [CP] Check Pods Manifest.lock */ = {
			isa = PBXShellScriptBuildPhase;
			buildActionMask = 2147483647;
			files = (
			);
			inputPaths = (
			);
			name = "[CP] Check Pods Manifest.lock";
			outputPaths = (
			);
			runOnlyForDeploymentPostprocessing = 0;
			shellPath = /bin/sh;
			shellScript = "diff \"${PODS_ROOT}/../Podfile.lock\" \"${PODS_ROOT}/Manifest.lock\" > /dev/null\nif [ $? != 0 ] ; then\n    # print error to STDERR\n    echo \"error: The sandbox is not in sync with the Podfile.lock. Run 'pod install' or update your CocoaPods installation.\" >&2\n    exit 1\nfi\n";
			showEnvVarsInLog = 0;
		};
		930C809AF9795F47E8213AC0 /* [CP] Copy Pods Resources */ = {
			isa = PBXShellScriptBuildPhase;
			buildActionMask = 2147483647;
			files = (
			);
			inputPaths = (
			);
			name = "[CP] Copy Pods Resources";
			outputPaths = (
			);
			runOnlyForDeploymentPostprocessing = 0;
			shellPath = /bin/sh;
			shellScript = "\"${SRCROOT}/Pods/Target Support Files/Pods-JanoTest/Pods-JanoTest-resources.sh\"\n";
			showEnvVarsInLog = 0;
		};
		AA585F9DBAFDCC2019D286C9 /* [CP] Embed Pods Frameworks */ = {
			isa = PBXShellScriptBuildPhase;
			buildActionMask = 2147483647;
			files = (
			);
			inputPaths = (
			);
			name = "[CP] Embed Pods Frameworks";
			outputPaths = (
			);
			runOnlyForDeploymentPostprocessing = 0;
			shellPath = /bin/sh;
			shellScript = "\"${SRCROOT}/Pods/Target Support Files/Pods-JanoTestTests/Pods-JanoTestTests-frameworks.sh\"\n";
			showEnvVarsInLog = 0;
		};
/* End PBXShellScriptBuildPhase section */

/* Begin PBXSourcesBuildPhase section */
		1E6E7D1C1F3087980016C975 /* Sources */ = {
			isa = PBXSourcesBuildPhase;
			buildActionMask = 2147483647;
			files = (
				1E6E7D261F3087980016C975 /* ViewController.swift in Sources */,
				1E6E7D241F3087980016C975 /* AppDelegate.swift in Sources */,
			);
			runOnlyForDeploymentPostprocessing = 0;
		};
		1E6E7D301F3087980016C975 /* Sources */ = {
			isa = PBXSourcesBuildPhase;
			buildActionMask = 2147483647;
			files = (
				1E6E7D391F3087980016C975 /* JanoTestTests.swift in Sources */,
			);
			runOnlyForDeploymentPostprocessing = 0;
		};
		1E6E7D3B1F3087980016C975 /* Sources */ = {
			isa = PBXSourcesBuildPhase;
			buildActionMask = 2147483647;
			files = (
				1E6E7D441F3087980016C975 /* JanoTestUITests.swift in Sources */,
			);
			runOnlyForDeploymentPostprocessing = 0;
		};
/* End PBXSourcesBuildPhase section */

/* Begin PBXTargetDependency section */
		1E6E7D361F3087980016C975 /* PBXTargetDependency */ = {
			isa = PBXTargetDependency;
			target = 1E6E7D1F1F3087980016C975 /* JanoTest */;
			targetProxy = 1E6E7D351F3087980016C975 /* PBXContainerItemProxy */;
		};
		1E6E7D411F3087980016C975 /* PBXTargetDependency */ = {
			isa = PBXTargetDependency;
			target = 1E6E7D1F1F3087980016C975 /* JanoTest */;
			targetProxy = 1E6E7D401F3087980016C975 /* PBXContainerItemProxy */;
		};
/* End PBXTargetDependency section */

/* Begin PBXVariantGroup section */
		1E6E7D271F3087980016C975 /* Main.storyboard */ = {
			isa = PBXVariantGroup;
			children = (
				1E6E7D281F3087980016C975 /* Base */,
			);
			name = Main.storyboard;
			sourceTree = "<group>";
		};
		1E6E7D2C1F3087980016C975 /* LaunchScreen.storyboard */ = {
			isa = PBXVariantGroup;
			children = (
				1E6E7D2D1F3087980016C975 /* Base */,
			);
			name = LaunchScreen.storyboard;
			sourceTree = "<group>";
		};
/* End PBXVariantGroup section */

/* Begin XCBuildConfiguration section */
		1E6E7D461F3087990016C975 /* Debug */ = {
			isa = XCBuildConfiguration;
			buildSettings = {
				ALWAYS_SEARCH_USER_PATHS = NO;
				CLANG_ANALYZER_NONNULL = YES;
				CLANG_ANALYZER_NUMBER_OBJECT_CONVERSION = YES_AGGRESSIVE;
				CLANG_CXX_LANGUAGE_STANDARD = "gnu++0x";
				CLANG_CXX_LIBRARY = "libc++";
				CLANG_ENABLE_MODULES = YES;
				CLANG_ENABLE_OBJC_ARC = YES;
				CLANG_WARN_BOOL_CONVERSION = YES;
				CLANG_WARN_CONSTANT_CONVERSION = YES;
				CLANG_WARN_DIRECT_OBJC_ISA_USAGE = YES_ERROR;
				CLANG_WARN_DOCUMENTATION_COMMENTS = YES;
				CLANG_WARN_EMPTY_BODY = YES;
				CLANG_WARN_ENUM_CONVERSION = YES;
				CLANG_WARN_INFINITE_RECURSION = YES;
				CLANG_WARN_INT_CONVERSION = YES;
				CLANG_WARN_OBJC_ROOT_CLASS = YES_ERROR;
				CLANG_WARN_SUSPICIOUS_MOVE = YES;
				CLANG_WARN_UNREACHABLE_CODE = YES;
				CLANG_WARN__DUPLICATE_METHOD_MATCH = YES;
				"CODE_SIGN_IDENTITY[sdk=iphoneos*]" = "iPhone Developer";
				COPY_PHASE_STRIP = NO;
				DEBUG_INFORMATION_FORMAT = dwarf;
				ENABLE_STRICT_OBJC_MSGSEND = YES;
				ENABLE_TESTABILITY = YES;
				GCC_C_LANGUAGE_STANDARD = gnu99;
				GCC_DYNAMIC_NO_PIC = NO;
				GCC_NO_COMMON_BLOCKS = YES;
				GCC_OPTIMIZATION_LEVEL = 0;
				GCC_PREPROCESSOR_DEFINITIONS = (
					"DEBUG=1",
					"$(inherited)",
				);
				GCC_WARN_64_TO_32_BIT_CONVERSION = YES;
				GCC_WARN_ABOUT_RETURN_TYPE = YES_ERROR;
				GCC_WARN_UNDECLARED_SELECTOR = YES;
				GCC_WARN_UNINITIALIZED_AUTOS = YES_AGGRESSIVE;
				GCC_WARN_UNUSED_FUNCTION = YES;
				GCC_WARN_UNUSED_VARIABLE = YES;
				IPHONEOS_DEPLOYMENT_TARGET = 10.3;
				MTL_ENABLE_DEBUG_INFO = YES;
				ONLY_ACTIVE_ARCH = YES;
				SDKROOT = iphoneos;
				SWIFT_ACTIVE_COMPILATION_CONDITIONS = DEBUG;
				SWIFT_OPTIMIZATION_LEVEL = "-Onone";
				TARGETED_DEVICE_FAMILY = "1,2";
			};
			name = Debug;
		};
		1E6E7D471F3087990016C975 /* Release */ = {
			isa = XCBuildConfiguration;
			buildSettings = {
				ALWAYS_SEARCH_USER_PATHS = NO;
				CLANG_ANALYZER_NONNULL = YES;
				CLANG_ANALYZER_NUMBER_OBJECT_CONVERSION = YES_AGGRESSIVE;
				CLANG_CXX_LANGUAGE_STANDARD = "gnu++0x";
				CLANG_CXX_LIBRARY = "libc++";
				CLANG_ENABLE_MODULES = YES;
				CLANG_ENABLE_OBJC_ARC = YES;
				CLANG_WARN_BOOL_CONVERSION = YES;
				CLANG_WARN_CONSTANT_CONVERSION = YES;
				CLANG_WARN_DIRECT_OBJC_ISA_USAGE = YES_ERROR;
				CLANG_WARN_DOCUMENTATION_COMMENTS = YES;
				CLANG_WARN_EMPTY_BODY = YES;
				CLANG_WARN_ENUM_CONVERSION = YES;
				CLANG_WARN_INFINITE_RECURSION = YES;
				CLANG_WARN_INT_CONVERSION = YES;
				CLANG_WARN_OBJC_ROOT_CLASS = YES_ERROR;
				CLANG_WARN_SUSPICIOUS_MOVE = YES;
				CLANG_WARN_UNREACHABLE_CODE = YES;
				CLANG_WARN__DUPLICATE_METHOD_MATCH = YES;
				"CODE_SIGN_IDENTITY[sdk=iphoneos*]" = "iPhone Developer";
				COPY_PHASE_STRIP = NO;
				DEBUG_INFORMATION_FORMAT = "dwarf-with-dsym";
				ENABLE_NS_ASSERTIONS = NO;
				ENABLE_STRICT_OBJC_MSGSEND = YES;
				GCC_C_LANGUAGE_STANDARD = gnu99;
				GCC_NO_COMMON_BLOCKS = YES;
				GCC_WARN_64_TO_32_BIT_CONVERSION = YES;
				GCC_WARN_ABOUT_RETURN_TYPE = YES_ERROR;
				GCC_WARN_UNDECLARED_SELECTOR = YES;
				GCC_WARN_UNINITIALIZED_AUTOS = YES_AGGRESSIVE;
				GCC_WARN_UNUSED_FUNCTION = YES;
				GCC_WARN_UNUSED_VARIABLE = YES;
				IPHONEOS_DEPLOYMENT_TARGET = 10.3;
				MTL_ENABLE_DEBUG_INFO = NO;
				SDKROOT = iphoneos;
				SWIFT_OPTIMIZATION_LEVEL = "-Owholemodule";
				TARGETED_DEVICE_FAMILY = "1,2";
				VALIDATE_PRODUCT = YES;
			};
			name = Release;
		};
		1E6E7D491F3087990016C975 /* Debug */ = {
			isa = XCBuildConfiguration;
			baseConfigurationReference = 7EEC6129864DD2A00E24376F /* Pods-JanoTest.debug.xcconfig */;
			buildSettings = {
				ASSETCATALOG_COMPILER_APPICON_NAME = AppIcon;
				INFOPLIST_FILE = JanoTest/Info.plist;
				LD_RUNPATH_SEARCH_PATHS = "$(inherited) @executable_path/Frameworks";
				PRODUCT_BUNDLE_IDENTIFIER = digitalhare.JanoTest;
				PRODUCT_NAME = "$(TARGET_NAME)";
				SWIFT_VERSION = 3.0;
			};
			name = Debug;
		};
		1E6E7D4A1F3087990016C975 /* Release */ = {
			isa = XCBuildConfiguration;
			baseConfigurationReference = 6557AC0B4E79D530578F7750 /* Pods-JanoTest.release.xcconfig */;
			buildSettings = {
				ASSETCATALOG_COMPILER_APPICON_NAME = AppIcon;
				INFOPLIST_FILE = JanoTest/Info.plist;
				LD_RUNPATH_SEARCH_PATHS = "$(inherited) @executable_path/Frameworks";
				PRODUCT_BUNDLE_IDENTIFIER = digitalhare.JanoTest;
				PRODUCT_NAME = "$(TARGET_NAME)";
				SWIFT_VERSION = 3.0;
			};
			name = Release;
		};
		1E6E7D4C1F3087990016C975 /* Debug */ = {
			isa = XCBuildConfiguration;
			baseConfigurationReference = 1BD94B7D936D6EE1645145EB /* Pods-JanoTestTests.debug.xcconfig */;
			buildSettings = {
				ALWAYS_EMBED_SWIFT_STANDARD_LIBRARIES = YES;
				BUNDLE_LOADER = "$(TEST_HOST)";
				INFOPLIST_FILE = JanoTestTests/Info.plist;
				LD_RUNPATH_SEARCH_PATHS = "$(inherited) @executable_path/Frameworks @loader_path/Frameworks";
				PRODUCT_BUNDLE_IDENTIFIER = digitalhare.JanoTestTests;
				PRODUCT_NAME = "$(TARGET_NAME)";
				SWIFT_VERSION = 3.0;
				TEST_HOST = "$(BUILT_PRODUCTS_DIR)/JanoTest.app/JanoTest";
			};
			name = Debug;
		};
		1E6E7D4D1F3087990016C975 /* Release */ = {
			isa = XCBuildConfiguration;
			baseConfigurationReference = C7A431C1881C7DDDF124DC77 /* Pods-JanoTestTests.release.xcconfig */;
			buildSettings = {
				ALWAYS_EMBED_SWIFT_STANDARD_LIBRARIES = YES;
				BUNDLE_LOADER = "$(TEST_HOST)";
				INFOPLIST_FILE = JanoTestTests/Info.plist;
				LD_RUNPATH_SEARCH_PATHS = "$(inherited) @executable_path/Frameworks @loader_path/Frameworks";
				PRODUCT_BUNDLE_IDENTIFIER = digitalhare.JanoTestTests;
				PRODUCT_NAME = "$(TARGET_NAME)";
				SWIFT_VERSION = 3.0;
				TEST_HOST = "$(BUILT_PRODUCTS_DIR)/JanoTest.app/JanoTest";
			};
			name = Release;
		};
		1E6E7D4F1F3087990016C975 /* Debug */ = {
			isa = XCBuildConfiguration;
			baseConfigurationReference = B776E380C231978FC3250BA8 /* Pods-JanoTestUITests.debug.xcconfig */;
			buildSettings = {
				ALWAYS_EMBED_SWIFT_STANDARD_LIBRARIES = YES;
				INFOPLIST_FILE = JanoTestUITests/Info.plist;
				LD_RUNPATH_SEARCH_PATHS = "$(inherited) @executable_path/Frameworks @loader_path/Frameworks";
				PRODUCT_BUNDLE_IDENTIFIER = digitalhare.JanoTestUITests;
				PRODUCT_NAME = "$(TARGET_NAME)";
				SWIFT_VERSION = 3.0;
				TEST_TARGET_NAME = JanoTest;
			};
			name = Debug;
		};
		1E6E7D501F3087990016C975 /* Release */ = {
			isa = XCBuildConfiguration;
			baseConfigurationReference = 5EB52DF2E4CD284B036A2137 /* Pods-JanoTestUITests.release.xcconfig */;
			buildSettings = {
				ALWAYS_EMBED_SWIFT_STANDARD_LIBRARIES = YES;
				INFOPLIST_FILE = JanoTestUITests/Info.plist;
				LD_RUNPATH_SEARCH_PATHS = "$(inherited) @executable_path/Frameworks @loader_path/Frameworks";
				PRODUCT_BUNDLE_IDENTIFIER = digitalhare.JanoTestUITests;
				PRODUCT_NAME = "$(TARGET_NAME)";
				SWIFT_VERSION = 3.0;
				TEST_TARGET_NAME = JanoTest;
			};
			name = Release;
		};
/* End XCBuildConfiguration section */

/* Begin XCConfigurationList section */
		1E6E7D1B1F3087980016C975 /* Build configuration list for PBXProject "JanoTest" */ = {
			isa = XCConfigurationList;
			buildConfigurations = (
				1E6E7D461F3087990016C975 /* Debug */,
				1E6E7D471F3087990016C975 /* Release */,
			);
			defaultConfigurationIsVisible = 0;
			defaultConfigurationName = Release;
		};
		1E6E7D481F3087990016C975 /* Build configuration list for PBXNativeTarget "JanoTest" */ = {
			isa = XCConfigurationList;
			buildConfigurations = (
				1E6E7D491F3087990016C975 /* Debug */,
				1E6E7D4A1F3087990016C975 /* Release */,
			);
			defaultConfigurationIsVisible = 0;
		};
		1E6E7D4B1F3087990016C975 /* Build configuration list for PBXNativeTarget "JanoTestTests" */ = {
			isa = XCConfigurationList;
			buildConfigurations = (
				1E6E7D4C1F3087990016C975 /* Debug */,
				1E6E7D4D1F3087990016C975 /* Release */,
			);
			defaultConfigurationIsVisible = 0;
		};
		1E6E7D4E1F3087990016C975 /* Build configuration list for PBXNativeTarget "JanoTestUITests" */ = {
			isa = XCConfigurationList;
			buildConfigurations = (
				1E6E7D4F1F3087990016C975 /* Debug */,
				1E6E7D501F3087990016C975 /* Release */,
			);
			defaultConfigurationIsVisible = 0;
		};
/* End XCConfigurationList section */
	};
	rootObject = 1E6E7D181F3087980016C975 /* Project object */;
}
